# This file was autogenerated by Stack.
# You should not edit this file by hand.
# For more information, please see the documentation at:
#   https://docs.haskellstack.org/en/stable/topics/lock_files

packages:
- completed:
    commit: 426d06196b474e960c2608dbee727499c0777c08
    git: https://github.com/astrophysik/g4ip-prover.git
    name: g4ip-prover
    pantry-tree:
      sha256: 8845bdc8953be5b8c3ecd6c7093ba471c63fe9a0367db4cc6a00100d74df88b9
      size: 1400
    version: 2.0.0.0
  original:
    commit: 426d06196b474e960c2608dbee727499c0777c08
    git: https://github.com/astrophysik/g4ip-prover.git
- completed:
    hackage: rzk-0.11.2@sha256:5dadc2a0e3b1809b547e3dc8887d87d8b302c3eb4b3a619bc7300fdbef85d0e8,29024
    pantry-tree:
      sha256: c2f291dc29582daa8b6545659f9f3965601c069e10b1fa38c087ae920c5f124f
      size: 38599
  original:
    hackage: rzk-0.11.2
- completed:
    hackage: free-foil-0.3.2@sha256:cec5ff659a0214561bc7d5dc056137d1451d84e7133c658868e7f0ee1d762ee4,5491
    pantry-tree:
      sha256: b1ee9f798f887f203d6ca2255f7813366d8c8b1cd05c11794baac0aad8767f1e
      size: 3081
  original:
    hackage: free-foil-0.3.2
- completed:
    hackage: kind-generics-th-0.2.3.3@sha256:c53280116db0dab9891f5a531679073f0b1f9ba6b8a3399bca11d98c506d0c62,1578
    pantry-tree:
      sha256: 89954f3519b63d5d379ff3e062f9c7ad9d3e1106ee734a99fa8c9943d7df0150
      size: 328
  original:
    hackage: kind-generics-th-0.2.3.3
snapshots:
- completed:
    sha256: d836e64ec93e8825278b99561f4a7ef24780c9b29bb5338eec2d693ab3a800cd
    size: 732678
    url: https://raw.githubusercontent.com/commercialhaskell/stackage-snapshots/master/lts/24/49.yaml
  original:
    url: https://raw.githubusercontent.com/commercialhaskell/stackage-snapshots/master/lts/24/49.yaml
